// !$*UTF8*$!
{
	archiveVersion = 1;
	classes = {
	};
	objectVersion = 50;
	objects = {

/* Begin PBXBuildFile section */
		A32A631A2125F136003FB7E1 /* AppDelegate.swift in Sources */ = {isa = PBXBuildFile; fileRef = A32A63192125F136003FB7E1 /* AppDelegate.swift */; };
		A32A631C2125F136003FB7E1 /* ViewController.swift in Sources */ = {isa = PBXBuildFile; fileRef = A32A631B2125F136003FB7E1 /* ViewController.swift */; };
		A32A631F2125F136003FB7E1 /* Main.storyboard in Resources */ = {isa = PBXBuildFile; fileRef = A32A631D2125F136003FB7E1 /* Main.storyboard */; };
		A32A63212125F13A003FB7E1 /* Assets.xcassets in Resources */ = {isa = PBXBuildFile; fileRef = A32A63202125F13A003FB7E1 /* Assets.xcassets */; };
		A32A63242125F13A003FB7E1 /* LaunchScreen.storyboard in Resources */ = {isa = PBXBuildFile; fileRef = A32A63222125F13A003FB7E1 /* LaunchScreen.storyboard */; };
		A32A632F2125F13A003FB7E1 /* EventyTests.swift in Sources */ = {isa = PBXBuildFile; fileRef = A32A632E2125F13A003FB7E1 /* EventyTests.swift */; };
		A32A633A2125FC0E003FB7E1 /* RatingControl.swift in Sources */ = {isa = PBXBuildFile; fileRef = A32A63392125FC0E003FB7E1 /* RatingControl.swift */; };
/* End PBXBuildFile section */

/* Begin PBXContainerItemProxy section */
		A32A632B2125F13A003FB7E1 /* PBXContainerItemProxy */ = {
			isa = PBXContainerItemProxy;
			containerPortal = A32A630E2125F136003FB7E1 /* Project object */;
			proxyType = 1;
			remoteGlobalIDString = A32A63152125F136003FB7E1;
			remoteInfo = Eventy;
		};
/* End PBXContainerItemProxy section */

/* Begin PBXFileReference section */
		A32A63162125F136003FB7E1 /* Eventy.app */ = {isa = PBXFileReference; explicitFileType = wrapper.application; includeInIndex = 0; path = Eventy.app; sourceTree = BUILT_PRODUCTS_DIR; };
		A32A63192125F136003FB7E1 /* AppDelegate.swift */ = {isa = PBXFileReference; lastKnownFileType = sourcecode.swift; path = AppDelegate.swift; sourceTree = "<group>"; };
		A32A631B2125F136003FB7E1 /* ViewController.swift */ = {isa = PBXFileReference; lastKnownFileType = sourcecode.swift; path = ViewController.swift; sourceTree = "<group>"; };
		A32A631E2125F136003FB7E1 /* Base */ = {isa = PBXFileReference; lastKnownFileType = file.storyboard; name = Base; path = Base.lproj/Main.storyboard; sourceTree = "<group>"; };
		A32A63202125F13A003FB7E1 /* Assets.xcassets */ = {isa = PBXFileReference; lastKnownFileType = folder.assetcatalog; path = Assets.xcassets; sourceTree = "<group>"; };
		A32A63232125F13A003FB7E1 /* Base */ = {isa = PBXFileReference; lastKnownFileType = file.storyboard; name = Base; path = Base.lproj/LaunchScreen.storyboard; sourceTree = "<group>"; };
		A32A63252125F13A003FB7E1 /* Info.plist */ = {isa = PBXFileReference; lastKnownFileType = text.plist.xml; path = Info.plist; sourceTree = "<group>"; };
		A32A632A2125F13A003FB7E1 /* EventyTests.xctest */ = {isa = PBXFileReference; explicitFileType = wrapper.cfbundle; includeInIndex = 0; path = EventyTests.xctest; sourceTree = BUILT_PRODUCTS_DIR; };
		A32A632E2125F13A003FB7E1 /* EventyTests.swift */ = {isa = PBXFileReference; lastKnownFileType = sourcecode.swift; path = EventyTests.swift; sourceTree = "<group>"; };
		A32A63302125F13A003FB7E1 /* Info.plist */ = {isa = PBXFileReference; lastKnownFileType = text.plist.xml; path = Info.plist; sourceTree = "<group>"; };
		A32A63392125FC0E003FB7E1 /* RatingControl.swift */ = {isa = PBXFileReference; lastKnownFileType = sourcecode.swift; path = RatingControl.swift; sourceTree = "<group>"; };
/* End PBXFileReference section */

/* Begin PBXFrameworksBuildPhase section */
		A32A63132125F136003FB7E1 /* Frameworks */ = {
			isa = PBXFrameworksBuildPhase;
			buildActionMask = 2147483647;
			files = (
			);
			runOnlyForDeploymentPostprocessing = 0;
		};
		A32A63272125F13A003FB7E1 /* Frameworks */ = {
			isa = PBXFrameworksBuildPhase;
			buildActionMask = 2147483647;
			files = (
			);
			runOnlyForDeploymentPostprocessing = 0;
		};
/* End PBXFrameworksBuildPhase section */

/* Begin PBXGroup section */
		A32A630D2125F136003FB7E1 = {
			isa = PBXGroup;
			children = (
				A32A63182125F136003FB7E1 /* Eventy */,
				A32A632D2125F13A003FB7E1 /* EventyTests */,
				A32A63172125F136003FB7E1 /* Products */,
			);
			sourceTree = "<group>";
		};
		A32A63172125F136003FB7E1 /* Products */ = {
			isa = PBXGroup;
			children = (
				A32A63162125F136003FB7E1 /* Eventy.app */,
				A32A632A2125F13A003FB7E1 /* EventyTests.xctest */,
			);
			name = Products;
			sourceTree = "<group>";
		};
		A32A63182125F136003FB7E1 /* Eventy */ = {
			isa = PBXGroup;
			children = (
				A32A63192125F136003FB7E1 /* AppDelegate.swift */,
				A32A631B2125F136003FB7E1 /* ViewController.swift */,
				A32A63392125FC0E003FB7E1 /* RatingControl.swift */,
				A32A631D2125F136003FB7E1 /* Main.storyboard */,
				A32A63202125F13A003FB7E1 /* Assets.xcassets */,
				A32A63222125F13A003FB7E1 /* LaunchScreen.storyboard */,
				A32A63252125F13A003FB7E1 /* Info.plist */,
			);
			path = Eventy;
			sourceTree = "<group>";
		};
		A32A632D2125F13A003FB7E1 /* EventyTests */ = {
			isa = PBXGroup;
			children = (
				A32A632E2125F13A003FB7E1 /* EventyTests.swift */,
				A32A63302125F13A003FB7E1 /* Info.plist */,
			);
			path = EventyTests;
			sourceTree = "<group>";
		};
/* End PBXGroup section */

/* Begin PBXNativeTarget section */
		A32A63152125F136003FB7E1 /* Eventy */ = {
			isa = PBXNativeTarget;
			buildConfigurationList = A32A63332125F13A003FB7E1 /* Build configuration list for PBXNativeTarget "Eventy" */;
			buildPhases = (
				A32A63122125F136003FB7E1 /* Sources */,
				A32A63132125F136003FB7E1 /* Frameworks */,
				A32A63142125F136003FB7E1 /* Resources */,
			);
			buildRules = (
			);
			dependencies = (
			);
			name = Eventy;
			productName = Eventy;
			productReference = A32A63162125F136003FB7E1 /* Eventy.app */;
			productType = "com.apple.product-type.application";
		};
		A32A63292125F13A003FB7E1 /* EventyTests */ = {
			isa = PBXNativeTarget;
			buildConfigurationList = A32A63362125F13A003FB7E1 /* Build configuration list for PBXNativeTarget "EventyTests" */;
			buildPhases = (
				A32A63262125F13A003FB7E1 /* Sources */,
				A32A63272125F13A003FB7E1 /* Frameworks */,
				A32A63282125F13A003FB7E1 /* Resources */,
			);
			buildRules = (
			);
			dependencies = (
				A32A632C2125F13A003FB7E1 /* PBXTargetDependency */,
			);
			name = EventyTests;
			productName = EventyTests;
			productReference = A32A632A2125F13A003FB7E1 /* EventyTests.xctest */;
			productType = "com.apple.product-type.bundle.unit-test";
		};
/* End PBXNativeTarget section */

/* Begin PBXProject section */
		A32A630E2125F136003FB7E1 /* Project object */ = {
			isa = PBXProject;
			attributes = {
				LastSwiftUpdateCheck = 0940;
				LastUpgradeCheck = 0940;
				TargetAttributes = {
					A32A63152125F136003FB7E1 = {
						CreatedOnToolsVersion = 9.4.1;
					};
					A32A63292125F13A003FB7E1 = {
						CreatedOnToolsVersion = 9.4.1;
						TestTargetID = A32A63152125F136003FB7E1;
					};
				};
			};
			buildConfigurationList = A32A63112125F136003FB7E1 /* Build configuration list for PBXProject "Eventy" */;
			compatibilityVersion = "Xcode 9.3";
			developmentRegion = en;
			hasScannedForEncodings = 0;
			knownRegions = (
				en,
				Base,
			);
			mainGroup = A32A630D2125F136003FB7E1;
			productRefGroup = A32A63172125F136003FB7E1 /* Products */;
			projectDirPath = "";
			projectRoot = "";
			targets = (
				A32A63152125F136003FB7E1 /* Eventy */,
				A32A63292125F13A003FB7E1 /* EventyTests */,
			);
		};
/* End PBXProject section */

/* Begin PBXResourcesBuildPhase section */
		A32A63142125F136003FB7E1 /* Resources */ = {
			isa = PBXResourcesBuildPhase;
			buildActionMask = 2147483647;
			files = (
				A32A63242125F13A003FB7E1 /* LaunchScreen.storyboard in Resources */,
				A32A63212125F13A003FB7E1 /* Assets.xcassets in Resources */,
				A32A631F2125F136003FB7E1 /* Main.storyboard in Resources */,
			);
			runOnlyForDeploymentPostprocessing = 0;
		};
		A32A63282125F13A003FB7E1 /* Resources */ = {
			isa = PBXResourcesBuildPhase;
			buildActionMask = 2147483647;
			files = (
			);
			runOnlyForDeploymentPostprocessing = 0;
		};
/* End PBXResourcesBuildPhase section */

/* Begin PBXSourcesBuildPhase section */
		A32A63122125F136003FB7E1 /* Sources */ = {
			isa = PBXSourcesBuildPhase;
			buildActionMask = 2147483647;
			files = (
				A32A631C2125F136003FB7E1 /* ViewController.swift in Sources */,
				A32A633A2125FC0E003FB7E1 /* RatingControl.swift in Sources */,
				A32A631A2125F136003FB7E1 /* AppDelegate.swift in Sources */,
			);
			runOnlyForDeploymentPostprocessing = 0;
		};
		A32A63262125F13A003FB7E1 /* Sources */ = {
			isa = PBXSourcesBuildPhase;
			buildActionMask = 2147483647;
			files = (
				A32A632F2125F13A003FB7E1 /* EventyTests.swift in Sources */,
			);
			runOnlyForDeploymentPostprocessing = 0;
		};
/* End PBXSourcesBuildPhase section */

/* Begin PBXTargetDependency section */
		A32A632C2125F13A003FB7E1 /* PBXTargetDependency */ = {
			isa = PBXTargetDependency;
			target = A32A63152125F136003FB7E1 /* Eventy */;
			targetProxy = A32A632B2125F13A003FB7E1 /* PBXContainerItemProxy */;
		};
/* End PBXTargetDependency section */

/* Begin PBXVariantGroup section */
		A32A631D2125F136003FB7E1 /* Main.storyboard */ = {
			isa = PBXVariantGroup;
			children = (
				A32A631E2125F136003FB7E1 /* Base */,
			);
			name = Main.storyboard;
			sourceTree = "<group>";
		};
		A32A63222125F13A003FB7E1 /* LaunchScreen.storyboard */ = {
			isa = PBXVariantGroup;
			children = (
				A32A63232125F13A003FB7E1 /* Base */,
			);
			name = LaunchScreen.storyboard;
			sourceTree = "<group>";
		};
/* End PBXVariantGroup section */

/* Begin XCBuildConfiguration section */
		A32A63312125F13A003FB7E1 /* Debug */ = {
			isa = XCBuildConfiguration;
			buildSettings = {
				ALWAYS_SEARCH_USER_PATHS = NO;
				CLANG_ANALYZER_NONNULL = YES;
				CLANG_ANALYZER_NUMBER_OBJECT_CONVERSION = YES_AGGRESSIVE;
				CLANG_CXX_LANGUAGE_STANDARD = "gnu++14";
				CLANG_CXX_LIBRARY = "libc++";
				CLANG_ENABLE_MODULES = YES;
				CLANG_ENABLE_OBJC_ARC = YES;
				CLANG_ENABLE_OBJC_WEAK = YES;
				CLANG_WARN_BLOCK_CAPTURE_AUTORELEASING = YES;
				CLANG_WARN_BOOL_CONVERSION = YES;
				CLANG_WARN_COMMA = YES;
				CLANG_WARN_CONSTANT_CONVERSION = YES;
				CLANG_WARN_DEPRECATED_OBJC_IMPLEMENTATIONS = YES;
				CLANG_WARN_DIRECT_OBJC_ISA_USAGE = YES_ERROR;
				CLANG_WARN_DOCUMENTATION_COMMENTS = YES;
				CLANG_WARN_EMPTY_BODY = YES;
				CLANG_WARN_ENUM_CONVERSION = YES;
				CLANG_WARN_INFINITE_RECURSION = YES;
				CLANG_WARN_INT_CONVERSION = YES;
				CLANG_WARN_NON_LITERAL_NULL_CONVERSION = YES;
				CLANG_WARN_OBJC_IMPLICIT_RETAIN_SELF = YES;
				CLANG_WARN_OBJC_LITERAL_CONVERSION = YES;
				CLANG_WARN_OBJC_ROOT_CLASS = YES_ERROR;
				CLANG_WARN_RANGE_LOOP_ANALYSIS = YES;
				CLANG_WARN_STRICT_PROTOTYPES = YES;
				CLANG_WARN_SUSPICIOUS_MOVE = YES;
				CLANG_WARN_UNGUARDED_AVAILABILITY = YES_AGGRESSIVE;
				CLANG_WARN_UNREACHABLE_CODE = YES;
				CLANG_WARN__DUPLICATE_METHOD_MATCH = YES;
				CODE_SIGN_IDENTITY = "iPhone Developer";
				COPY_PHASE_STRIP = NO;
				DEBUG_INFORMATION_FORMAT = dwarf;
				ENABLE_STRICT_OBJC_MSGSEND = YES;
				ENABLE_TESTABILITY = YES;
				GCC_C_LANGUAGE_STANDARD = gnu11;
				GCC_DYNAMIC_NO_PIC = NO;
				GCC_NO_COMMON_BLOCKS = YES;
				GCC_OPTIMIZATION_LEVEL = 0;
				GCC_PREPROCESSOR_DEFINITIONS = (
					"DEBUG=1",
					"$(inherited)",
				);
				GCC_WARN_64_TO_32_BIT_CONVERSION = YES;
				GCC_WARN_ABOUT_RETURN_TYPE = YES_ERROR;
				GCC_WARN_UNDECLARED_SELECTOR = YES;
				GCC_WARN_UNINITIALIZED_AUTOS = YES_AGGRESSIVE;
				GCC_WARN_UNUSED_FUNCTION = YES;
				GCC_WARN_UNUSED_VARIABLE = YES;
				IPHONEOS_DEPLOYMENT_TARGET = 11.4;
				MTL_ENABLE_DEBUG_INFO = YES;
				ONLY_ACTIVE_ARCH = YES;
				SDKROOT = iphoneos;
				SWIFT_ACTIVE_COMPILATION_CONDITIONS = DEBUG;
				SWIFT_OPTIMIZATION_LEVEL = "-Onone";
			};
			name = Debug;
		};
		A32A63322125F13A003FB7E1 /* Release */ = {
			isa = XCBuildConfiguration;
			buildSettings = {
				ALWAYS_SEARCH_USER_PATHS = NO;
				CLANG_ANALYZER_NONNULL = YES;
				CLANG_ANALYZER_NUMBER_OBJECT_CONVERSION = YES_AGGRESSIVE;
				CLANG_CXX_LANGUAGE_STANDARD = "gnu++14";
				CLANG_CXX_LIBRARY = "libc++";
				CLANG_ENABLE_MODULES = YES;
				CLANG_ENABLE_OBJC_ARC = YES;
				CLANG_ENABLE_OBJC_WEAK = YES;
				CLANG_WARN_BLOCK_CAPTURE_AUTORELEASING = YES;
				CLANG_WARN_BOOL_CONVERSION = YES;
				CLANG_WARN_COMMA = YES;
				CLANG_WARN_CONSTANT_CONVERSION = YES;
				CLANG_WARN_DEPRECATED_OBJC_IMPLEMENTATIONS = YES;
				CLANG_WARN_DIRECT_OBJC_ISA_USAGE = YES_ERROR;
				CLANG_WARN_DOCUMENTATION_COMMENTS = YES;
				CLANG_WARN_EMPTY_BODY = YES;
				CLANG_WARN_ENUM_CONVERSION = YES;
				CLANG_WARN_INFINITE_RECURSION = YES;
				CLANG_WARN_INT_CONVERSION = YES;
				CLANG_WARN_NON_LITERAL_NULL_CONVERSION = YES;
				CLANG_WARN_OBJC_IMPLICIT_RETAIN_SELF = YES;
				CLANG_WARN_OBJC_LITERAL_CONVERSION = YES;
				CLANG_WARN_OBJC_ROOT_CLASS = YES_ERROR;
				CLANG_WARN_RANGE_LOOP_ANALYSIS = YES;
				CLANG_WARN_STRICT_PROTOTYPES = YES;
				CLANG_WARN_SUSPICIOUS_MOVE = YES;
				CLANG_WARN_UNGUARDED_AVAILABILITY = YES_AGGRESSIVE;
				CLANG_WARN_UNREACHABLE_CODE = YES;
				CLANG_WARN__DUPLICATE_METHOD_MATCH = YES;
				CODE_SIGN_IDENTITY = "iPhone Developer";
				COPY_PHASE_STRIP = NO;
				DEBUG_INFORMATION_FORMAT = "dwarf-with-dsym";
				ENABLE_NS_ASSERTIONS = NO;
				ENABLE_STRICT_OBJC_MSGSEND = YES;
				GCC_C_LANGUAGE_STANDARD = gnu11;
				GCC_NO_COMMON_BLOCKS = YES;
				GCC_WARN_64_TO_32_BIT_CONVERSION = YES;
				GCC_WARN_ABOUT_RETURN_TYPE = YES_ERROR;
				GCC_WARN_UNDECLARED_SELECTOR = YES;
				GCC_WARN_UNINITIALIZED_AUTOS = YES_AGGRESSIVE;
				GCC_WARN_UNUSED_FUNCTION = YES;
				GCC_WARN_UNUSED_VARIABLE = YES;
				IPHONEOS_DEPLOYMENT_TARGET = 11.4;
				MTL_ENABLE_DEBUG_INFO = NO;
				SDKROOT = iphoneos;
				SWIFT_COMPILATION_MODE = wholemodule;
				SWIFT_OPTIMIZATION_LEVEL = "-O";
				VALIDATE_PRODUCT = YES;
			};
			name = Release;
		};
		A32A63342125F13A003FB7E1 /* Debug */ = {
			isa = XCBuildConfiguration;
			buildSettings = {
				ASSETCATALOG_COMPILER_APPICON_NAME = AppIcon;
				CODE_SIGN_STYLE = Automatic;
				INFOPLIST_FILE = Eventy/Info.plist;
				LD_RUNPATH_SEARCH_PATHS = (
					"$(inherited)",
					"@executable_path/Frameworks",
				);
				PRODUCT_BUNDLE_IDENTIFIER = com.example.Eventy;
				PRODUCT_NAME = "$(TARGET_NAME)";
				SWIFT_VERSION = 4.0;
				TARGETED_DEVICE_FAMILY = "1,2";
			};
			name = Debug;
		};
		A32A63352125F13A003FB7E1 /* Release */ = {
			isa = XCBuildConfiguration;
			buildSettings = {
				ASSETCATALOG_COMPILER_APPICON_NAME = AppIcon;
				CODE_SIGN_STYLE = Automatic;
				INFOPLIST_FILE = Eventy/Info.plist;
				LD_RUNPATH_SEARCH_PATHS = (
					"$(inherited)",
					"@executable_path/Frameworks",
				);
				PRODUCT_BUNDLE_IDENTIFIER = com.example.Eventy;
				PRODUCT_NAME = "$(TARGET_NAME)";
				SWIFT_VERSION = 4.0;
				TARGETED_DEVICE_FAMILY = "1,2";
			};
			name = Release;
		};
		A32A63372125F13A003FB7E1 /* Debug */ = {
			isa = XCBuildConfiguration;
			buildSettings = {
				ALWAYS_EMBED_SWIFT_STANDARD_LIBRARIES = YES;
				BUNDLE_LOADER = "$(TEST_HOST)";
				CODE_SIGN_STYLE = Automatic;
				INFOPLIST_FILE = EventyTests/Info.plist;
				LD_RUNPATH_SEARCH_PATHS = (
					"$(inherited)",
					"@executable_path/Frameworks",
					"@loader_path/Frameworks",
				);
				PRODUCT_BUNDLE_IDENTIFIER = com.example.EventyTests;
				PRODUCT_NAME = "$(TARGET_NAME)";
				SWIFT_VERSION = 4.0;
				TARGETED_DEVICE_FAMILY = "1,2";
				TEST_HOST = "$(BUILT_PRODUCTS_DIR)/Eventy.app/Eventy";
			};
			name = Debug;
		};
		A32A63382125F13A003FB7E1 /* Release */ = {
			isa = XCBuildConfiguration;
			buildSettings = {
				ALWAYS_EMBED_SWIFT_STANDARD_LIBRARIES = YES;
				BUNDLE_LOADER = "$(TEST_HOST)";
				CODE_SIGN_STYLE = Automatic;
				INFOPLIST_FILE = EventyTests/Info.plist;
				LD_RUNPATH_SEARCH_PATHS = (
					"$(inherited)",
					"@executable_path/Frameworks",
					"@loader_path/Frameworks",
				);
				PRODUCT_BUNDLE_IDENTIFIER = com.example.EventyTests;
				PRODUCT_NAME = "$(TARGET_NAME)";
				SWIFT_VERSION = 4.0;
				TARGETED_DEVICE_FAMILY = "1,2";
				TEST_HOST = "$(BUILT_PRODUCTS_DIR)/Eventy.app/Eventy";
			};
			name = Release;
		};
/* End XCBuildConfiguration section */

/* Begin XCConfigurationList section */
		A32A63112125F136003FB7E1 /* Build configuration list for PBXProject "Eventy" */ = {
			isa = XCConfigurationList;
			buildConfigurations = (
				A32A63312125F13A003FB7E1 /* Debug */,
				A32A63322125F13A003FB7E1 /* Release */,
			);
			defaultConfigurationIsVisible = 0;
			defaultConfigurationName = Release;
		};
		A32A63332125F13A003FB7E1 /* Build configuration list for PBXNativeTarget "Eventy" */ = {
			isa = XCConfigurationList;
			buildConfigurations = (
				A32A63342125F13A003FB7E1 /* Debug */,
				A32A63352125F13A003FB7E1 /* Release */,
			);
			defaultConfigurationIsVisible = 0;
			defaultConfigurationName = Release;
		};
		A32A63362125F13A003FB7E1 /* Build configuration list for PBXNativeTarget "EventyTests" */ = {
			isa = XCConfigurationList;
			buildConfigurations = (
				A32A63372125F13A003FB7E1 /* Debug */,
				A32A63382125F13A003FB7E1 /* Release */,
			);
			defaultConfigurationIsVisible = 0;
			defaultConfigurationName = Release;
		};
/* End XCConfigurationList section */
	};
	rootObject = A32A630E2125F136003FB7E1 /* Project object */;
}
